
Microsoft Visual Studio Solution File, Format Version 12.00
# Visual Studio Version 17
VisualStudioVersion = 17.11.35327.3
MinimumVisualStudioVersion = 10.0.40219.1
Project("{FAE04EC0-301F-11D3-BF4B-00C04F79EFBC}") = "lavanderia", "lavanderia\lavanderia.csproj", "{E1A82EE8-1FD6-407F-AEC2-19D65A386013}"
EndProject
Global
	GlobalSection(SolutionConfigurationPlatforms) = preSolution
		Debug|Any CPU = Debug|Any CPU
		Release|Any CPU = Release|Any CPU
	EndGlobalSection
	GlobalSection(ProjectConfigurationPlatforms) = postSolution
		{E1A82EE8-1FD6-407F-AEC2-19D65A386013}.Debug|Any CPU.ActiveCfg = Debug|Any CPU
		{E1A82EE8-1FD6-407F-AEC2-19D65A386013}.Debug|Any CPU.Build.0 = Debug|Any CPU
		{E1A82EE8-1FD6-407F-AEC2-19D65A386013}.Release|Any CPU.ActiveCfg = Release|Any CPU
		{E1A82EE8-1FD6-407F-AEC2-19D65A386013}.Release|Any CPU.Build.0 = Release|Any CPU
	EndGlobalSection
	GlobalSection(SolutionProperties) = preSolution
		HideSolutionNode = FALSE
	EndGlobalSection
	GlobalSection(ExtensibilityGlobals) = postSolution
		SolutionGuid = {AAE8947F-E2F6-40ED-8F2F-A3D72DC6CA73}
	EndGlobalSection
EndGlobal
